
Microsoft Visual Studio Solution File, Format Version 12.00
# Visual Studio Version 17
VisualStudioVersion = 17.11.35222.181
MinimumVisualStudioVersion = 10.0.40219.1
Project("{FAE04EC0-301F-11D3-BF4B-00C04F79EFBC}") = "kopapirollo", "kopapirollo.csproj", "{7010D87F-C8B8-4E1B-8CAF-4266D63CEADD}"
EndProject
Global
	GlobalSection(SolutionConfigurationPlatforms) = preSolution
		Debug|Any CPU = Debug|Any CPU
		Release|Any CPU = Release|Any CPU
	EndGlobalSection
	GlobalSection(ProjectConfigurationPlatforms) = postSolution
		{7010D87F-C8B8-4E1B-8CAF-4266D63CEADD}.Debug|Any CPU.ActiveCfg = Debug|Any CPU
		{7010D87F-C8B8-4E1B-8CAF-4266D63CEADD}.Debug|Any CPU.Build.0 = Debug|Any CPU
		{7010D87F-C8B8-4E1B-8CAF-4266D63CEADD}.Release|Any CPU.ActiveCfg = Release|Any CPU
		{7010D87F-C8B8-4E1B-8CAF-4266D63CEADD}.Release|Any CPU.Build.0 = Release|Any CPU
	EndGlobalSection
	GlobalSection(SolutionProperties) = preSolution
		HideSolutionNode = FALSE
	EndGlobalSection
	GlobalSection(ExtensibilityGlobals) = postSolution
		SolutionGuid = {A7479960-2C61-420A-A264-4D47D8EF0A2F}
	EndGlobalSection
EndGlobal
