
Microsoft Visual Studio Solution File, Format Version 12.00
# Visual Studio Version 17
VisualStudioVersion = 17.8.34408.163
MinimumVisualStudioVersion = 10.0.40219.1
Project("{FAE04EC0-301F-11D3-BF4B-00C04F79EFBC}") = "bevlista_form", "bevlista_form.csproj", "{DAEF3983-5DF4-41E2-8B2C-B21C9591726B}"
EndProject
Global
	GlobalSection(SolutionConfigurationPlatforms) = preSolution
		Debug|Any CPU = Debug|Any CPU
		Release|Any CPU = Release|Any CPU
	EndGlobalSection
	GlobalSection(ProjectConfigurationPlatforms) = postSolution
		{DAEF3983-5DF4-41E2-8B2C-B21C9591726B}.Debug|Any CPU.ActiveCfg = Debug|Any CPU
		{DAEF3983-5DF4-41E2-8B2C-B21C9591726B}.Debug|Any CPU.Build.0 = Debug|Any CPU
		{DAEF3983-5DF4-41E2-8B2C-B21C9591726B}.Release|Any CPU.ActiveCfg = Release|Any CPU
		{DAEF3983-5DF4-41E2-8B2C-B21C9591726B}.Release|Any CPU.Build.0 = Release|Any CPU
	EndGlobalSection
	GlobalSection(SolutionProperties) = preSolution
		HideSolutionNode = FALSE
	EndGlobalSection
	GlobalSection(ExtensibilityGlobals) = postSolution
		SolutionGuid = {ED10C3D1-A7EA-4B49-AC31-BCFFF948D3FF}
	EndGlobalSection
EndGlobal
