
Microsoft Visual Studio Solution File, Format Version 12.00
# Visual Studio Version 17
VisualStudioVersion = 17.11.35222.181
MinimumVisualStudioVersion = 10.0.40219.1
Project("{FAE04EC0-301F-11D3-BF4B-00C04F79EFBC}") = "hatvany_form", "hatvany_form\hatvany_form.csproj", "{C228A7FA-8E0A-4D8B-AC1B-3B2D9354C899}"
EndProject
Global
	GlobalSection(SolutionConfigurationPlatforms) = preSolution
		Debug|Any CPU = Debug|Any CPU
		Release|Any CPU = Release|Any CPU
	EndGlobalSection
	GlobalSection(ProjectConfigurationPlatforms) = postSolution
		{C228A7FA-8E0A-4D8B-AC1B-3B2D9354C899}.Debug|Any CPU.ActiveCfg = Debug|Any CPU
		{C228A7FA-8E0A-4D8B-AC1B-3B2D9354C899}.Debug|Any CPU.Build.0 = Debug|Any CPU
		{C228A7FA-8E0A-4D8B-AC1B-3B2D9354C899}.Release|Any CPU.ActiveCfg = Release|Any CPU
		{C228A7FA-8E0A-4D8B-AC1B-3B2D9354C899}.Release|Any CPU.Build.0 = Release|Any CPU
	EndGlobalSection
	GlobalSection(SolutionProperties) = preSolution
		HideSolutionNode = FALSE
	EndGlobalSection
	GlobalSection(ExtensibilityGlobals) = postSolution
		SolutionGuid = {B40E5800-AF5C-44FF-81C6-9947D9034BA1}
	EndGlobalSection
EndGlobal
