
Microsoft Visual Studio Solution File, Format Version 12.00
# Visual Studio Version 17
VisualStudioVersion = 17.11.35222.181
MinimumVisualStudioVersion = 10.0.40219.1
Project("{FAE04EC0-301F-11D3-BF4B-00C04F79EFBC}") = "course", "course.csproj", "{591676FB-432A-43B2-9E9A-80D260F9F878}"
EndProject
Global
	GlobalSection(SolutionConfigurationPlatforms) = preSolution
		Debug|Any CPU = Debug|Any CPU
		Release|Any CPU = Release|Any CPU
	EndGlobalSection
	GlobalSection(ProjectConfigurationPlatforms) = postSolution
		{591676FB-432A-43B2-9E9A-80D260F9F878}.Debug|Any CPU.ActiveCfg = Debug|Any CPU
		{591676FB-432A-43B2-9E9A-80D260F9F878}.Debug|Any CPU.Build.0 = Debug|Any CPU
		{591676FB-432A-43B2-9E9A-80D260F9F878}.Release|Any CPU.ActiveCfg = Release|Any CPU
		{591676FB-432A-43B2-9E9A-80D260F9F878}.Release|Any CPU.Build.0 = Release|Any CPU
	EndGlobalSection
	GlobalSection(SolutionProperties) = preSolution
		HideSolutionNode = FALSE
	EndGlobalSection
	GlobalSection(ExtensibilityGlobals) = postSolution
		SolutionGuid = {5D6B2A3A-0E64-4F03-97EB-029AF9897D70}
	EndGlobalSection
EndGlobal
