
Microsoft Visual Studio Solution File, Format Version 12.00
# Visual Studio Version 17
VisualStudioVersion = 17.11.35222.181
MinimumVisualStudioVersion = 10.0.40219.1
Project("{FAE04EC0-301F-11D3-BF4B-00C04F79EFBC}") = "autok_egyszeru", "autok_egyszeru.csproj", "{7BEA56F7-8277-4BD6-8E9F-F0D4AC1E96A0}"
EndProject
Global
	GlobalSection(SolutionConfigurationPlatforms) = preSolution
		Debug|Any CPU = Debug|Any CPU
		Release|Any CPU = Release|Any CPU
	EndGlobalSection
	GlobalSection(ProjectConfigurationPlatforms) = postSolution
		{7BEA56F7-8277-4BD6-8E9F-F0D4AC1E96A0}.Debug|Any CPU.ActiveCfg = Debug|Any CPU
		{7BEA56F7-8277-4BD6-8E9F-F0D4AC1E96A0}.Debug|Any CPU.Build.0 = Debug|Any CPU
		{7BEA56F7-8277-4BD6-8E9F-F0D4AC1E96A0}.Release|Any CPU.ActiveCfg = Release|Any CPU
		{7BEA56F7-8277-4BD6-8E9F-F0D4AC1E96A0}.Release|Any CPU.Build.0 = Release|Any CPU
	EndGlobalSection
	GlobalSection(SolutionProperties) = preSolution
		HideSolutionNode = FALSE
	EndGlobalSection
	GlobalSection(ExtensibilityGlobals) = postSolution
		SolutionGuid = {1E0FE7C8-5AEA-4933-9363-C33B2666A324}
	EndGlobalSection
EndGlobal
