
Microsoft Visual Studio Solution File, Format Version 12.00
# Visual Studio Version 17
VisualStudioVersion = 17.11.35222.181
MinimumVisualStudioVersion = 10.0.40219.1
Project("{FAE04EC0-301F-11D3-BF4B-00C04F79EFBC}") = "szalloda", "szalloda.csproj", "{E6EB7AA8-56C2-40A4-9B29-1AC486F2E3F4}"
EndProject
Global
	GlobalSection(SolutionConfigurationPlatforms) = preSolution
		Debug|Any CPU = Debug|Any CPU
		Release|Any CPU = Release|Any CPU
	EndGlobalSection
	GlobalSection(ProjectConfigurationPlatforms) = postSolution
		{E6EB7AA8-56C2-40A4-9B29-1AC486F2E3F4}.Debug|Any CPU.ActiveCfg = Debug|Any CPU
		{E6EB7AA8-56C2-40A4-9B29-1AC486F2E3F4}.Debug|Any CPU.Build.0 = Debug|Any CPU
		{E6EB7AA8-56C2-40A4-9B29-1AC486F2E3F4}.Release|Any CPU.ActiveCfg = Release|Any CPU
		{E6EB7AA8-56C2-40A4-9B29-1AC486F2E3F4}.Release|Any CPU.Build.0 = Release|Any CPU
	EndGlobalSection
	GlobalSection(SolutionProperties) = preSolution
		HideSolutionNode = FALSE
	EndGlobalSection
	GlobalSection(ExtensibilityGlobals) = postSolution
		SolutionGuid = {4239491B-BD20-4874-8A61-0EC4884C954E}
	EndGlobalSection
EndGlobal
