
Microsoft Visual Studio Solution File, Format Version 12.00
# Visual Studio Version 17
VisualStudioVersion = 17.11.35222.181
MinimumVisualStudioVersion = 10.0.40219.1
Project("{FAE04EC0-301F-11D3-BF4B-00C04F79EFBC}") = "kutyosos", "kutyosos.csproj", "{1E57CED6-DD74-4816-8937-BAD392407E0D}"
EndProject
Global
	GlobalSection(SolutionConfigurationPlatforms) = preSolution
		Debug|Any CPU = Debug|Any CPU
		Release|Any CPU = Release|Any CPU
	EndGlobalSection
	GlobalSection(ProjectConfigurationPlatforms) = postSolution
		{1E57CED6-DD74-4816-8937-BAD392407E0D}.Debug|Any CPU.ActiveCfg = Debug|Any CPU
		{1E57CED6-DD74-4816-8937-BAD392407E0D}.Debug|Any CPU.Build.0 = Debug|Any CPU
		{1E57CED6-DD74-4816-8937-BAD392407E0D}.Release|Any CPU.ActiveCfg = Release|Any CPU
		{1E57CED6-DD74-4816-8937-BAD392407E0D}.Release|Any CPU.Build.0 = Release|Any CPU
	EndGlobalSection
	GlobalSection(SolutionProperties) = preSolution
		HideSolutionNode = FALSE
	EndGlobalSection
	GlobalSection(ExtensibilityGlobals) = postSolution
		SolutionGuid = {D7BC337C-7224-49B8-96F7-AA979DA42A7F}
	EndGlobalSection
EndGlobal
