
Microsoft Visual Studio Solution File, Format Version 12.00
# Visual Studio Version 17
VisualStudioVersion = 17.11.35222.181
MinimumVisualStudioVersion = 10.0.40219.1
Project("{FAE04EC0-301F-11D3-BF4B-00C04F79EFBC}") = "autoker_db", "autoker_db.csproj", "{E0154ADD-7CB0-4574-9540-D0CDF21631FD}"
EndProject
Global
	GlobalSection(SolutionConfigurationPlatforms) = preSolution
		Debug|Any CPU = Debug|Any CPU
		Release|Any CPU = Release|Any CPU
	EndGlobalSection
	GlobalSection(ProjectConfigurationPlatforms) = postSolution
		{E0154ADD-7CB0-4574-9540-D0CDF21631FD}.Debug|Any CPU.ActiveCfg = Debug|Any CPU
		{E0154ADD-7CB0-4574-9540-D0CDF21631FD}.Debug|Any CPU.Build.0 = Debug|Any CPU
		{E0154ADD-7CB0-4574-9540-D0CDF21631FD}.Release|Any CPU.ActiveCfg = Release|Any CPU
		{E0154ADD-7CB0-4574-9540-D0CDF21631FD}.Release|Any CPU.Build.0 = Release|Any CPU
	EndGlobalSection
	GlobalSection(SolutionProperties) = preSolution
		HideSolutionNode = FALSE
	EndGlobalSection
	GlobalSection(ExtensibilityGlobals) = postSolution
		SolutionGuid = {CB255B52-5C14-4404-84E9-00BA2EAB466D}
	EndGlobalSection
EndGlobal
