
Microsoft Visual Studio Solution File, Format Version 12.00
# Visual Studio Version 17
VisualStudioVersion = 17.11.35222.181
MinimumVisualStudioVersion = 10.0.40219.1
Project("{FAE04EC0-301F-11D3-BF4B-00C04F79EFBC}") = "vonatjegy1", "vonatjegy1.csproj", "{C0C84A3E-3E9A-4680-B79D-575CFE6E9488}"
EndProject
Global
	GlobalSection(SolutionConfigurationPlatforms) = preSolution
		Debug|Any CPU = Debug|Any CPU
		Release|Any CPU = Release|Any CPU
	EndGlobalSection
	GlobalSection(ProjectConfigurationPlatforms) = postSolution
		{C0C84A3E-3E9A-4680-B79D-575CFE6E9488}.Debug|Any CPU.ActiveCfg = Debug|Any CPU
		{C0C84A3E-3E9A-4680-B79D-575CFE6E9488}.Debug|Any CPU.Build.0 = Debug|Any CPU
		{C0C84A3E-3E9A-4680-B79D-575CFE6E9488}.Release|Any CPU.ActiveCfg = Release|Any CPU
		{C0C84A3E-3E9A-4680-B79D-575CFE6E9488}.Release|Any CPU.Build.0 = Release|Any CPU
	EndGlobalSection
	GlobalSection(SolutionProperties) = preSolution
		HideSolutionNode = FALSE
	EndGlobalSection
	GlobalSection(ExtensibilityGlobals) = postSolution
		SolutionGuid = {823EE503-4987-4ACF-992A-BDEF95DA0245}
	EndGlobalSection
EndGlobal
