
Microsoft Visual Studio Solution File, Format Version 12.00
# Visual Studio Version 17
VisualStudioVersion = 17.11.35222.181
MinimumVisualStudioVersion = 10.0.40219.1
Project("{FAE04EC0-301F-11D3-BF4B-00C04F79EFBC}") = "homerseklet", "homerseklet.csproj", "{55E79584-1909-4C96-9CDA-7517A0B64FF7}"
EndProject
Global
	GlobalSection(SolutionConfigurationPlatforms) = preSolution
		Debug|Any CPU = Debug|Any CPU
		Release|Any CPU = Release|Any CPU
	EndGlobalSection
	GlobalSection(ProjectConfigurationPlatforms) = postSolution
		{55E79584-1909-4C96-9CDA-7517A0B64FF7}.Debug|Any CPU.ActiveCfg = Debug|Any CPU
		{55E79584-1909-4C96-9CDA-7517A0B64FF7}.Debug|Any CPU.Build.0 = Debug|Any CPU
		{55E79584-1909-4C96-9CDA-7517A0B64FF7}.Release|Any CPU.ActiveCfg = Release|Any CPU
		{55E79584-1909-4C96-9CDA-7517A0B64FF7}.Release|Any CPU.Build.0 = Release|Any CPU
	EndGlobalSection
	GlobalSection(SolutionProperties) = preSolution
		HideSolutionNode = FALSE
	EndGlobalSection
	GlobalSection(ExtensibilityGlobals) = postSolution
		SolutionGuid = {BE2D1C44-C6D7-4712-A068-B85B29D9AE5E}
	EndGlobalSection
EndGlobal
