
Microsoft Visual Studio Solution File, Format Version 12.00
# Visual Studio Version 17
VisualStudioVersion = 17.11.35222.181
MinimumVisualStudioVersion = 10.0.40219.1
Project("{FAE04EC0-301F-11D3-BF4B-00C04F79EFBC}") = "240930_vizsgateszt", "240930_vizsgateszt.csproj", "{8D743FCD-C78F-4463-B750-007966DE16EA}"
EndProject
Global
	GlobalSection(SolutionConfigurationPlatforms) = preSolution
		Debug|Any CPU = Debug|Any CPU
		Release|Any CPU = Release|Any CPU
	EndGlobalSection
	GlobalSection(ProjectConfigurationPlatforms) = postSolution
		{8D743FCD-C78F-4463-B750-007966DE16EA}.Debug|Any CPU.ActiveCfg = Debug|Any CPU
		{8D743FCD-C78F-4463-B750-007966DE16EA}.Debug|Any CPU.Build.0 = Debug|Any CPU
		{8D743FCD-C78F-4463-B750-007966DE16EA}.Release|Any CPU.ActiveCfg = Release|Any CPU
		{8D743FCD-C78F-4463-B750-007966DE16EA}.Release|Any CPU.Build.0 = Release|Any CPU
	EndGlobalSection
	GlobalSection(SolutionProperties) = preSolution
		HideSolutionNode = FALSE
	EndGlobalSection
	GlobalSection(ExtensibilityGlobals) = postSolution
		SolutionGuid = {8040E8D3-3129-4242-8A65-3A3246F56E11}
	EndGlobalSection
EndGlobal
