
Microsoft Visual Studio Solution File, Format Version 12.00
# Visual Studio Version 17
VisualStudioVersion = 17.11.35222.181
MinimumVisualStudioVersion = 10.0.40219.1
Project("{FAE04EC0-301F-11D3-BF4B-00C04F79EFBC}") = "dolgozat_241202", "dolgozat_241202.csproj", "{FBF2B6DA-EBAA-4BE9-B885-DA31353CC0D8}"
EndProject
Global
	GlobalSection(SolutionConfigurationPlatforms) = preSolution
		Debug|Any CPU = Debug|Any CPU
		Release|Any CPU = Release|Any CPU
	EndGlobalSection
	GlobalSection(ProjectConfigurationPlatforms) = postSolution
		{FBF2B6DA-EBAA-4BE9-B885-DA31353CC0D8}.Debug|Any CPU.ActiveCfg = Debug|Any CPU
		{FBF2B6DA-EBAA-4BE9-B885-DA31353CC0D8}.Debug|Any CPU.Build.0 = Debug|Any CPU
		{FBF2B6DA-EBAA-4BE9-B885-DA31353CC0D8}.Release|Any CPU.ActiveCfg = Release|Any CPU
		{FBF2B6DA-EBAA-4BE9-B885-DA31353CC0D8}.Release|Any CPU.Build.0 = Release|Any CPU
	EndGlobalSection
	GlobalSection(SolutionProperties) = preSolution
		HideSolutionNode = FALSE
	EndGlobalSection
	GlobalSection(ExtensibilityGlobals) = postSolution
		SolutionGuid = {3979978B-1FFA-401B-A588-3CB91BA10775}
	EndGlobalSection
EndGlobal
