
Microsoft Visual Studio Solution File, Format Version 12.00
# Visual Studio Version 17
VisualStudioVersion = 17.11.35222.181
MinimumVisualStudioVersion = 10.0.40219.1
Project("{FAE04EC0-301F-11D3-BF4B-00C04F79EFBC}") = "gondoltamegyszamot", "gondoltamegyszamot\gondoltamegyszamot.csproj", "{6DFD50E3-3577-4881-8466-E4BD4A994158}"
EndProject
Global
	GlobalSection(SolutionConfigurationPlatforms) = preSolution
		Debug|Any CPU = Debug|Any CPU
		Release|Any CPU = Release|Any CPU
	EndGlobalSection
	GlobalSection(ProjectConfigurationPlatforms) = postSolution
		{6DFD50E3-3577-4881-8466-E4BD4A994158}.Debug|Any CPU.ActiveCfg = Debug|Any CPU
		{6DFD50E3-3577-4881-8466-E4BD4A994158}.Debug|Any CPU.Build.0 = Debug|Any CPU
		{6DFD50E3-3577-4881-8466-E4BD4A994158}.Release|Any CPU.ActiveCfg = Release|Any CPU
		{6DFD50E3-3577-4881-8466-E4BD4A994158}.Release|Any CPU.Build.0 = Release|Any CPU
	EndGlobalSection
	GlobalSection(SolutionProperties) = preSolution
		HideSolutionNode = FALSE
	EndGlobalSection
	GlobalSection(ExtensibilityGlobals) = postSolution
		SolutionGuid = {82B4C2E2-6C77-4983-B931-53A8258F53EC}
	EndGlobalSection
EndGlobal
