
Microsoft Visual Studio Solution File, Format Version 12.00
# Visual Studio Version 17
VisualStudioVersion = 17.11.35222.181
MinimumVisualStudioVersion = 10.0.40219.1
Project("{FAE04EC0-301F-11D3-BF4B-00C04F79EFBC}") = "sebesseg_form", "sebesseg_form\sebesseg_form.csproj", "{5529CAF3-5B7A-4E86-8769-5570D862CD8A}"
EndProject
Global
	GlobalSection(SolutionConfigurationPlatforms) = preSolution
		Debug|Any CPU = Debug|Any CPU
		Release|Any CPU = Release|Any CPU
	EndGlobalSection
	GlobalSection(ProjectConfigurationPlatforms) = postSolution
		{5529CAF3-5B7A-4E86-8769-5570D862CD8A}.Debug|Any CPU.ActiveCfg = Debug|Any CPU
		{5529CAF3-5B7A-4E86-8769-5570D862CD8A}.Debug|Any CPU.Build.0 = Debug|Any CPU
		{5529CAF3-5B7A-4E86-8769-5570D862CD8A}.Release|Any CPU.ActiveCfg = Release|Any CPU
		{5529CAF3-5B7A-4E86-8769-5570D862CD8A}.Release|Any CPU.Build.0 = Release|Any CPU
	EndGlobalSection
	GlobalSection(SolutionProperties) = preSolution
		HideSolutionNode = FALSE
	EndGlobalSection
	GlobalSection(ExtensibilityGlobals) = postSolution
		SolutionGuid = {D8DA57BE-7510-4EAD-AECF-EF7DF43B3C12}
	EndGlobalSection
EndGlobal
