
Microsoft Visual Studio Solution File, Format Version 12.00
# Visual Studio Version 17
VisualStudioVersion = 17.11.35222.181
MinimumVisualStudioVersion = 10.0.40219.1
Project("{FAE04EC0-301F-11D3-BF4B-00C04F79EFBC}") = "valutavalto", "valutavalto.csproj", "{3FFBA181-8853-4704-BB25-E6E8B330F56C}"
EndProject
Global
	GlobalSection(SolutionConfigurationPlatforms) = preSolution
		Debug|Any CPU = Debug|Any CPU
		Release|Any CPU = Release|Any CPU
	EndGlobalSection
	GlobalSection(ProjectConfigurationPlatforms) = postSolution
		{3FFBA181-8853-4704-BB25-E6E8B330F56C}.Debug|Any CPU.ActiveCfg = Debug|Any CPU
		{3FFBA181-8853-4704-BB25-E6E8B330F56C}.Debug|Any CPU.Build.0 = Debug|Any CPU
		{3FFBA181-8853-4704-BB25-E6E8B330F56C}.Release|Any CPU.ActiveCfg = Release|Any CPU
		{3FFBA181-8853-4704-BB25-E6E8B330F56C}.Release|Any CPU.Build.0 = Release|Any CPU
	EndGlobalSection
	GlobalSection(SolutionProperties) = preSolution
		HideSolutionNode = FALSE
	EndGlobalSection
	GlobalSection(ExtensibilityGlobals) = postSolution
		SolutionGuid = {63319075-9FA6-44EB-9CB6-9397E3F6D10E}
	EndGlobalSection
EndGlobal
