
Microsoft Visual Studio Solution File, Format Version 12.00
# Visual Studio Version 17
VisualStudioVersion = 17.11.35222.181
MinimumVisualStudioVersion = 10.0.40219.1
Project("{FAE04EC0-301F-11D3-BF4B-00C04F79EFBC}") = "k_infoism_22maj_fl_2022", "k_infoism_22maj_fl_2022.csproj", "{50F939C8-6B22-4223-BC99-309026BCEF3B}"
EndProject
Global
	GlobalSection(SolutionConfigurationPlatforms) = preSolution
		Debug|Any CPU = Debug|Any CPU
		Release|Any CPU = Release|Any CPU
	EndGlobalSection
	GlobalSection(ProjectConfigurationPlatforms) = postSolution
		{50F939C8-6B22-4223-BC99-309026BCEF3B}.Debug|Any CPU.ActiveCfg = Debug|Any CPU
		{50F939C8-6B22-4223-BC99-309026BCEF3B}.Debug|Any CPU.Build.0 = Debug|Any CPU
		{50F939C8-6B22-4223-BC99-309026BCEF3B}.Release|Any CPU.ActiveCfg = Release|Any CPU
		{50F939C8-6B22-4223-BC99-309026BCEF3B}.Release|Any CPU.Build.0 = Release|Any CPU
	EndGlobalSection
	GlobalSection(SolutionProperties) = preSolution
		HideSolutionNode = FALSE
	EndGlobalSection
	GlobalSection(ExtensibilityGlobals) = postSolution
		SolutionGuid = {64216615-59B3-4805-94FD-BDBC9514DE03}
	EndGlobalSection
EndGlobal
